
Microsoft Visual Studio Solution File, Format Version 12.00
# Visual Studio Version 17
VisualStudioVersion = 17.8.34330.188
MinimumVisualStudioVersion = 10.0.40219.1
Project("{FAE04EC0-301F-11D3-BF4B-00C04F79EFBC}") = "AirlineBookingSystem", "AirlineBookingSystem\AirlineBookingSystem.csproj", "{6875341B-F8E9-4CB7-A30D-2A16E5C63205}"
EndProject
Global
	GlobalSection(SolutionConfigurationPlatforms) = preSolution
		Debug|Any CPU = Debug|Any CPU
		Release|Any CPU = Release|Any CPU
	EndGlobalSection
	GlobalSection(ProjectConfigurationPlatforms) = postSolution
		{6875341B-F8E9-4CB7-A30D-2A16E5C63205}.Debug|Any CPU.ActiveCfg = Debug|Any CPU
		{6875341B-F8E9-4CB7-A30D-2A16E5C63205}.Debug|Any CPU.Build.0 = Debug|Any CPU
		{6875341B-F8E9-4CB7-A30D-2A16E5C63205}.Release|Any CPU.ActiveCfg = Release|Any CPU
		{6875341B-F8E9-4CB7-A30D-2A16E5C63205}.Release|Any CPU.Build.0 = Release|Any CPU
	EndGlobalSection
	GlobalSection(SolutionProperties) = preSolution
		HideSolutionNode = FALSE
	EndGlobalSection
	GlobalSection(ExtensibilityGlobals) = postSolution
		SolutionGuid = {F8CDBB51-E68C-4195-853A-9C6A89F65C35}
	EndGlobalSection
EndGlobal
